
Microsoft Visual Studio Solution File, Format Version 12.00
# Visual Studio 15
VisualStudioVersion = 15.0.28307.1022
MinimumVisualStudioVersion = 10.0.40219.1
Project("{FAE04EC0-301F-11D3-BF4B-00C04F79EFBC}") = "tp3", "tp3\tp3.csproj", "{34DAC5C1-B0CC-48B2-B5FE-09CB3CAE12C3}"
EndProject
Global
	GlobalSection(SolutionConfigurationPlatforms) = preSolution
		Debug|Any CPU = Debug|Any CPU
		Release|Any CPU = Release|Any CPU
	EndGlobalSection
	GlobalSection(ProjectConfigurationPlatforms) = postSolution
		{34DAC5C1-B0CC-48B2-B5FE-09CB3CAE12C3}.Debug|Any CPU.ActiveCfg = Debug|Any CPU
		{34DAC5C1-B0CC-48B2-B5FE-09CB3CAE12C3}.Debug|Any CPU.Build.0 = Debug|Any CPU
		{34DAC5C1-B0CC-48B2-B5FE-09CB3CAE12C3}.Release|Any CPU.ActiveCfg = Release|Any CPU
		{34DAC5C1-B0CC-48B2-B5FE-09CB3CAE12C3}.Release|Any CPU.Build.0 = Release|Any CPU
	EndGlobalSection
	GlobalSection(SolutionProperties) = preSolution
		HideSolutionNode = FALSE
	EndGlobalSection
	GlobalSection(ExtensibilityGlobals) = postSolution
		SolutionGuid = {29D953ED-277D-43BF-A885-C9E9D0E9DF83}
	EndGlobalSection
EndGlobal
